// !$*UTF8*$!
{
	archiveVersion = 1;
	classes = {
	};
	objectVersion = 51;
	objects = {

/* Begin PBXBuildFile section */
		5C583D2126637C20009926FC /* AppDelegate.swift in Sources */ = {isa = PBXBuildFile; fileRef = 5C583D2026637C20009926FC /* AppDelegate.swift */; };
		5C583D2326637C20009926FC /* SceneDelegate.swift in Sources */ = {isa = PBXBuildFile; fileRef = 5C583D2226637C20009926FC /* SceneDelegate.swift */; };
		5C583D2526637C20009926FC /* ViewController.swift in Sources */ = {isa = PBXBuildFile; fileRef = 5C583D2426637C20009926FC /* ViewController.swift */; };
		5C583D2826637C20009926FC /* Main.storyboard in Resources */ = {isa = PBXBuildFile; fileRef = 5C583D2626637C20009926FC /* Main.storyboard */; };
		5C583D2A26637C21009926FC /* Assets.xcassets in Resources */ = {isa = PBXBuildFile; fileRef = 5C583D2926637C21009926FC /* Assets.xcassets */; };
		5C583D2D26637C21009926FC /* LaunchScreen.storyboard in Resources */ = {isa = PBXBuildFile; fileRef = 5C583D2B26637C21009926FC /* LaunchScreen.storyboard */; };
		5C583D38266385EA009926FC /* WeatherModel.swift in Sources */ = {isa = PBXBuildFile; fileRef = 5C583D37266385EA009926FC /* WeatherModel.swift */; };
		5C583D422663E6B0009926FC /* WeatherData.swift in Sources */ = {isa = PBXBuildFile; fileRef = 5C583D412663E6B0009926FC /* WeatherData.swift */; };
		5C583D452663EE11009926FC /* WeatherManager.swift in Sources */ = {isa = PBXBuildFile; fileRef = 5C583D442663EE11009926FC /* WeatherManager.swift */; };
		5C583D4A2663FABF009926FC /* HourlyTableViewCell.swift in Sources */ = {isa = PBXBuildFile; fileRef = 5C583D482663FABF009926FC /* HourlyTableViewCell.swift */; };
		5C583D4B2663FABF009926FC /* HourlyTableViewCell.xib in Resources */ = {isa = PBXBuildFile; fileRef = 5C583D492663FABF009926FC /* HourlyTableViewCell.xib */; };
		5C6891BF266B480A00E8FBFE /* Constants.swift in Sources */ = {isa = PBXBuildFile; fileRef = 5C6891BE266B480A00E8FBFE /* Constants.swift */; };
		92EEBDAC7C5216D938C0D696 /* Pods_WeatherApp.framework in Frameworks */ = {isa = PBXBuildFile; fileRef = 1B8A21CCC6C7C667229770C5 /* Pods_WeatherApp.framework */; };
/* End PBXBuildFile section */

/* Begin PBXFileReference section */
		1B8A21CCC6C7C667229770C5 /* Pods_WeatherApp.framework */ = {isa = PBXFileReference; explicitFileType = wrapper.framework; includeInIndex = 0; path = Pods_WeatherApp.framework; sourceTree = BUILT_PRODUCTS_DIR; };
		2D6930E11229AD16C16FD1C4 /* Pods-WeatherApp.debug.xcconfig */ = {isa = PBXFileReference; includeInIndex = 1; lastKnownFileType = text.xcconfig; name = "Pods-WeatherApp.debug.xcconfig"; path = "Target Support Files/Pods-WeatherApp/Pods-WeatherApp.debug.xcconfig"; sourceTree = "<group>"; };
		5C583D1D26637C20009926FC /* WeatherApp.app */ = {isa = PBXFileReference; explicitFileType = wrapper.application; includeInIndex = 0; path = WeatherApp.app; sourceTree = BUILT_PRODUCTS_DIR; };
		5C583D2026637C20009926FC /* AppDelegate.swift */ = {isa = PBXFileReference; lastKnownFileType = sourcecode.swift; path = AppDelegate.swift; sourceTree = "<group>"; };
		5C583D2226637C20009926FC /* SceneDelegate.swift */ = {isa = PBXFileReference; lastKnownFileType = sourcecode.swift; path = SceneDelegate.swift; sourceTree = "<group>"; };
		5C583D2426637C20009926FC /* ViewController.swift */ = {isa = PBXFileReference; lastKnownFileType = sourcecode.swift; path = ViewController.swift; sourceTree = "<group>"; };
		5C583D2726637C20009926FC /* Base */ = {isa = PBXFileReference; lastKnownFileType = file.storyboard; name = Base; path = Base.lproj/Main.storyboard; sourceTree = "<group>"; };
		5C583D2926637C21009926FC /* Assets.xcassets */ = {isa = PBXFileReference; lastKnownFileType = folder.assetcatalog; path = Assets.xcassets; sourceTree = "<group>"; };
		5C583D2C26637C21009926FC /* Base */ = {isa = PBXFileReference; lastKnownFileType = file.storyboard; name = Base; path = Base.lproj/LaunchScreen.storyboard; sourceTree = "<group>"; };
		5C583D2E26637C21009926FC /* Info.plist */ = {isa = PBXFileReference; lastKnownFileType = text.plist.xml; path = Info.plist; sourceTree = "<group>"; };
		5C583D37266385EA009926FC /* WeatherModel.swift */ = {isa = PBXFileReference; lastKnownFileType = sourcecode.swift; path = WeatherModel.swift; sourceTree = "<group>"; };
		5C583D412663E6B0009926FC /* WeatherData.swift */ = {isa = PBXFileReference; lastKnownFileType = sourcecode.swift; path = WeatherData.swift; sourceTree = "<group>"; };
		5C583D442663EE11009926FC /* WeatherManager.swift */ = {isa = PBXFileReference; lastKnownFileType = sourcecode.swift; path = WeatherManager.swift; sourceTree = "<group>"; };
		5C583D482663FABF009926FC /* HourlyTableViewCell.swift */ = {isa = PBXFileReference; lastKnownFileType = sourcecode.swift; path = HourlyTableViewCell.swift; sourceTree = "<group>"; };
		5C583D492663FABF009926FC /* HourlyTableViewCell.xib */ = {isa = PBXFileReference; lastKnownFileType = file.xib; path = HourlyTableViewCell.xib; sourceTree = "<group>"; };
		5C6891BE266B480A00E8FBFE /* Constants.swift */ = {isa = PBXFileReference; lastKnownFileType = sourcecode.swift; path = Constants.swift; sourceTree = "<group>"; };
		D73418F4DA528F40E3008B36 /* Pods-WeatherApp.release.xcconfig */ = {isa = PBXFileReference; includeInIndex = 1; lastKnownFileType = text.xcconfig; name = "Pods-WeatherApp.release.xcconfig"; path = "Target Support Files/Pods-WeatherApp/Pods-WeatherApp.release.xcconfig"; sourceTree = "<group>"; };
/* End PBXFileReference section */

/* Begin PBXFrameworksBuildPhase section */
		5C583D1A26637C20009926FC /* Frameworks */ = {
			isa = PBXFrameworksBuildPhase;
			buildActionMask = 2147483647;
			files = (
				92EEBDAC7C5216D938C0D696 /* Pods_WeatherApp.framework in Frameworks */,
			);
			runOnlyForDeploymentPostprocessing = 0;
		};
/* End PBXFrameworksBuildPhase section */

/* Begin PBXGroup section */
		405E2148ED1EE4CA703299A7 /* Frameworks */ = {
			isa = PBXGroup;
			children = (
				1B8A21CCC6C7C667229770C5 /* Pods_WeatherApp.framework */,
			);
			name = Frameworks;
			sourceTree = "<group>";
		};
		5C583D1426637C20009926FC = {
			isa = PBXGroup;
			children = (
				5C583D1F26637C20009926FC /* WeatherApp */,
				5C583D1E26637C20009926FC /* Products */,
				7B8A2E3406F25E6909C83D4E /* Pods */,
				405E2148ED1EE4CA703299A7 /* Frameworks */,
			);
			sourceTree = "<group>";
		};
		5C583D1E26637C20009926FC /* Products */ = {
			isa = PBXGroup;
			children = (
				5C583D1D26637C20009926FC /* WeatherApp.app */,
			);
			name = Products;
			sourceTree = "<group>";
		};
		5C583D1F26637C20009926FC /* WeatherApp */ = {
			isa = PBXGroup;
			children = (
				5C583D2026637C20009926FC /* AppDelegate.swift */,
				5C583D2226637C20009926FC /* SceneDelegate.swift */,
				5C6891C1266BE43200E8FBFE /* ViewController */,
				5C6891C3266BE45A00E8FBFE /* Models */,
				5C6891C5266BE48C00E8FBFE /* HourlyTableViewCell */,
				5C583D2926637C21009926FC /* Assets.xcassets */,
				5C583D2B26637C21009926FC /* LaunchScreen.storyboard */,
				5C583D2E26637C21009926FC /* Info.plist */,
				5C6891BE266B480A00E8FBFE /* Constants.swift */,
			);
			path = WeatherApp;
			sourceTree = "<group>";
		};
		5C6891C1266BE43200E8FBFE /* ViewController */ = {
			isa = PBXGroup;
			children = (
				5C583D2426637C20009926FC /* ViewController.swift */,
				5C583D2626637C20009926FC /* Main.storyboard */,
			);
			path = ViewController;
			sourceTree = "<group>";
		};
		5C6891C3266BE45A00E8FBFE /* Models */ = {
			isa = PBXGroup;
			children = (
				5C583D37266385EA009926FC /* WeatherModel.swift */,
				5C583D412663E6B0009926FC /* WeatherData.swift */,
				5C583D442663EE11009926FC /* WeatherManager.swift */,
			);
			path = Models;
			sourceTree = "<group>";
		};
		5C6891C5266BE48C00E8FBFE /* HourlyTableViewCell */ = {
			isa = PBXGroup;
			children = (
				5C583D482663FABF009926FC /* HourlyTableViewCell.swift */,
				5C583D492663FABF009926FC /* HourlyTableViewCell.xib */,
			);
			path = HourlyTableViewCell;
			sourceTree = "<group>";
		};
		7B8A2E3406F25E6909C83D4E /* Pods */ = {
			isa = PBXGroup;
			children = (
				2D6930E11229AD16C16FD1C4 /* Pods-WeatherApp.debug.xcconfig */,
				D73418F4DA528F40E3008B36 /* Pods-WeatherApp.release.xcconfig */,
			);
			path = Pods;
			sourceTree = "<group>";
		};
/* End PBXGroup section */

/* Begin PBXNativeTarget section */
		5C583D1C26637C20009926FC /* WeatherApp */ = {
			isa = PBXNativeTarget;
			buildConfigurationList = 5C583D3126637C21009926FC /* Build configuration list for PBXNativeTarget "WeatherApp" */;
			buildPhases = (
				3CCA64E9E45FEEC5976C125E /* [CP] Check Pods Manifest.lock */,
				5C583D1926637C20009926FC /* Sources */,
				5C583D1A26637C20009926FC /* Frameworks */,
				5C583D1B26637C20009926FC /* Resources */,
				5C583D3526637C5E009926FC /* Swiftlint */,
				42FF4C7D59CA6E0D5B56DE7C /* [CP] Embed Pods Frameworks */,
			);
			buildRules = (
			);
			dependencies = (
			);
			name = WeatherApp;
			productName = WeatherApp;
			productReference = 5C583D1D26637C20009926FC /* WeatherApp.app */;
			productType = "com.apple.product-type.application";
		};
/* End PBXNativeTarget section */

/* Begin PBXProject section */
		5C583D1526637C20009926FC /* Project object */ = {
			isa = PBXProject;
			attributes = {
				LastSwiftUpdateCheck = 1240;
				LastUpgradeCheck = 1240;
				TargetAttributes = {
					5C583D1C26637C20009926FC = {
						CreatedOnToolsVersion = 12.4;
					};
				};
			};
			buildConfigurationList = 5C583D1826637C20009926FC /* Build configuration list for PBXProject "WeatherApp" */;
			compatibilityVersion = "Xcode 9.3";
			developmentRegion = en;
			hasScannedForEncodings = 0;
			knownRegions = (
				en,
				Base,
			);
			mainGroup = 5C583D1426637C20009926FC;
			productRefGroup = 5C583D1E26637C20009926FC /* Products */;
			projectDirPath = "";
			projectRoot = "";
			targets = (
				5C583D1C26637C20009926FC /* WeatherApp */,
			);
		};
/* End PBXProject section */

/* Begin PBXResourcesBuildPhase section */
		5C583D1B26637C20009926FC /* Resources */ = {
			isa = PBXResourcesBuildPhase;
			buildActionMask = 2147483647;
			files = (
				5C583D2D26637C21009926FC /* LaunchScreen.storyboard in Resources */,
				5C583D2A26637C21009926FC /* Assets.xcassets in Resources */,
				5C583D4B2663FABF009926FC /* HourlyTableViewCell.xib in Resources */,
				5C583D2826637C20009926FC /* Main.storyboard in Resources */,
			);
			runOnlyForDeploymentPostprocessing = 0;
		};
/* End PBXResourcesBuildPhase section */

/* Begin PBXShellScriptBuildPhase section */
		3CCA64E9E45FEEC5976C125E /* [CP] Check Pods Manifest.lock */ = {
			isa = PBXShellScriptBuildPhase;
			buildActionMask = 2147483647;
			files = (
			);
			inputFileListPaths = (
			);
			inputPaths = (
				"${PODS_PODFILE_DIR_PATH}/Podfile.lock",
				"${PODS_ROOT}/Manifest.lock",
			);
			name = "[CP] Check Pods Manifest.lock";
			outputFileListPaths = (
			);
			outputPaths = (
				"$(DERIVED_FILE_DIR)/Pods-WeatherApp-checkManifestLockResult.txt",
			);
			runOnlyForDeploymentPostprocessing = 0;
			shellPath = /bin/sh;
			shellScript = "diff \"${PODS_PODFILE_DIR_PATH}/Podfile.lock\" \"${PODS_ROOT}/Manifest.lock\" > /dev/null\nif [ $? != 0 ] ; then\n    # print error to STDERR\n    echo \"error: The sandbox is not in sync with the Podfile.lock. Run 'pod install' or update your CocoaPods installation.\" >&2\n    exit 1\nfi\n# This output is used by Xcode 'outputs' to avoid re-running this script phase.\necho \"SUCCESS\" > \"${SCRIPT_OUTPUT_FILE_0}\"\n";
			showEnvVarsInLog = 0;
		};
		42FF4C7D59CA6E0D5B56DE7C /* [CP] Embed Pods Frameworks */ = {
			isa = PBXShellScriptBuildPhase;
			buildActionMask = 2147483647;
			files = (
			);
			inputFileListPaths = (
				"${PODS_ROOT}/Target Support Files/Pods-WeatherApp/Pods-WeatherApp-frameworks-${CONFIGURATION}-input-files.xcfilelist",
			);
			name = "[CP] Embed Pods Frameworks";
			outputFileListPaths = (
				"${PODS_ROOT}/Target Support Files/Pods-WeatherApp/Pods-WeatherApp-frameworks-${CONFIGURATION}-output-files.xcfilelist",
			);
			runOnlyForDeploymentPostprocessing = 0;
			shellPath = /bin/sh;
			shellScript = "\"${PODS_ROOT}/Target Support Files/Pods-WeatherApp/Pods-WeatherApp-frameworks.sh\"\n";
			showEnvVarsInLog = 0;
		};
		5C583D3526637C5E009926FC /* Swiftlint */ = {
			isa = PBXShellScriptBuildPhase;
			buildActionMask = 2147483647;
			files = (
			);
			inputFileListPaths = (
			);
			inputPaths = (
			);
			name = Swiftlint;
			outputFileListPaths = (
			);
			outputPaths = (
			);
			runOnlyForDeploymentPostprocessing = 0;
			shellPath = /bin/sh;
			shellScript = "\nif which swiftlint >/dev/null; then\n  swiftlint\nelse\n  echo \"warning: SwiftLint not installed, download from https://github.com/realm/SwiftLint\"\nfi\n";
		};
/* End PBXShellScriptBuildPhase section */

/* Begin PBXSourcesBuildPhase section */
		5C583D1926637C20009926FC /* Sources */ = {
			isa = PBXSourcesBuildPhase;
			buildActionMask = 2147483647;
			files = (
				5C583D452663EE11009926FC /* WeatherManager.swift in Sources */,
				5C583D2526637C20009926FC /* ViewController.swift in Sources */,
				5C583D422663E6B0009926FC /* WeatherData.swift in Sources */,
				5C583D2126637C20009926FC /* AppDelegate.swift in Sources */,
				5C583D38266385EA009926FC /* WeatherModel.swift in Sources */,
				5C583D4A2663FABF009926FC /* HourlyTableViewCell.swift in Sources */,
				5C583D2326637C20009926FC /* SceneDelegate.swift in Sources */,
				5C6891BF266B480A00E8FBFE /* Constants.swift in Sources */,
			);
			runOnlyForDeploymentPostprocessing = 0;
		};
/* End PBXSourcesBuildPhase section */

/* Begin PBXVariantGroup section */
		5C583D2626637C20009926FC /* Main.storyboard */ = {
			isa = PBXVariantGroup;
			children = (
				5C583D2726637C20009926FC /* Base */,
			);
			name = Main.storyboard;
			sourceTree = "<group>";
		};
		5C583D2B26637C21009926FC /* LaunchScreen.storyboard */ = {
			isa = PBXVariantGroup;
			children = (
				5C583D2C26637C21009926FC /* Base */,
			);
			name = LaunchScreen.storyboard;
			sourceTree = "<group>";
		};
/* End PBXVariantGroup section */

/* Begin XCBuildConfiguration section */
		5C583D2F26637C21009926FC /* Debug */ = {
			isa = XCBuildConfiguration;
			buildSettings = {
				ALWAYS_SEARCH_USER_PATHS = NO;
				CLANG_ANALYZER_NONNULL = YES;
				CLANG_ANALYZER_NUMBER_OBJECT_CONVERSION = YES_AGGRESSIVE;
				CLANG_CXX_LANGUAGE_STANDARD = "gnu++14";
				CLANG_CXX_LIBRARY = "libc++";
				CLANG_ENABLE_MODULES = YES;
				CLANG_ENABLE_OBJC_ARC = YES;
				CLANG_ENABLE_OBJC_WEAK = YES;
				CLANG_WARN_BLOCK_CAPTURE_AUTORELEASING = YES;
				CLANG_WARN_BOOL_CONVERSION = YES;
				CLANG_WARN_COMMA = YES;
				CLANG_WARN_CONSTANT_CONVERSION = YES;
				CLANG_WARN_DEPRECATED_OBJC_IMPLEMENTATIONS = YES;
				CLANG_WARN_DIRECT_OBJC_ISA_USAGE = YES_ERROR;
				CLANG_WARN_DOCUMENTATION_COMMENTS = YES;
				CLANG_WARN_EMPTY_BODY = YES;
				CLANG_WARN_ENUM_CONVERSION = YES;
				CLANG_WARN_INFINITE_RECURSION = YES;
				CLANG_WARN_INT_CONVERSION = YES;
				CLANG_WARN_NON_LITERAL_NULL_CONVERSION = YES;
				CLANG_WARN_OBJC_IMPLICIT_RETAIN_SELF = YES;
				CLANG_WARN_OBJC_LITERAL_CONVERSION = YES;
				CLANG_WARN_OBJC_ROOT_CLASS = YES_ERROR;
				CLANG_WARN_QUOTED_INCLUDE_IN_FRAMEWORK_HEADER = YES;
				CLANG_WARN_RANGE_LOOP_ANALYSIS = YES;
				CLANG_WARN_STRICT_PROTOTYPES = YES;
				CLANG_WARN_SUSPICIOUS_MOVE = YES;
				CLANG_WARN_UNGUARDED_AVAILABILITY = YES_AGGRESSIVE;
				CLANG_WARN_UNREACHABLE_CODE = YES;
				CLANG_WARN__DUPLICATE_METHOD_MATCH = YES;
				COPY_PHASE_STRIP = NO;
				DEBUG_INFORMATION_FORMAT = dwarf;
				ENABLE_STRICT_OBJC_MSGSEND = YES;
				ENABLE_TESTABILITY = YES;
				GCC_C_LANGUAGE_STANDARD = gnu11;
				GCC_DYNAMIC_NO_PIC = NO;
				GCC_NO_COMMON_BLOCKS = YES;
				GCC_OPTIMIZATION_LEVEL = 0;
				GCC_PREPROCESSOR_DEFINITIONS = (
					"DEBUG=1",
					"$(inherited)",
				);
				GCC_WARN_64_TO_32_BIT_CONVERSION = YES;
				GCC_WARN_ABOUT_RETURN_TYPE = YES_ERROR;
				GCC_WARN_UNDECLARED_SELECTOR = YES;
				GCC_WARN_UNINITIALIZED_AUTOS = YES_AGGRESSIVE;
				GCC_WARN_UNUSED_FUNCTION = YES;
				GCC_WARN_UNUSED_VARIABLE = YES;
				IPHONEOS_DEPLOYMENT_TARGET = 14.4;
				MTL_ENABLE_DEBUG_INFO = INCLUDE_SOURCE;
				MTL_FAST_MATH = YES;
				ONLY_ACTIVE_ARCH = YES;
				SDKROOT = iphoneos;
				SWIFT_ACTIVE_COMPILATION_CONDITIONS = DEBUG;
				SWIFT_OPTIMIZATION_LEVEL = "-Onone";
			};
			name = Debug;
		};
		5C583D3026637C21009926FC /* Release */ = {
			isa = XCBuildConfiguration;
			buildSettings = {
				ALWAYS_SEARCH_USER_PATHS = NO;
				CLANG_ANALYZER_NONNULL = YES;
				CLANG_ANALYZER_NUMBER_OBJECT_CONVERSION = YES_AGGRESSIVE;
				CLANG_CXX_LANGUAGE_STANDARD = "gnu++14";
				CLANG_CXX_LIBRARY = "libc++";
				CLANG_ENABLE_MODULES = YES;
				CLANG_ENABLE_OBJC_ARC = YES;
				CLANG_ENABLE_OBJC_WEAK = YES;
				CLANG_WARN_BLOCK_CAPTURE_AUTORELEASING = YES;
				CLANG_WARN_BOOL_CONVERSION = YES;
				CLANG_WARN_COMMA = YES;
				CLANG_WARN_CONSTANT_CONVERSION = YES;
				CLANG_WARN_DEPRECATED_OBJC_IMPLEMENTATIONS = YES;
				CLANG_WARN_DIRECT_OBJC_ISA_USAGE = YES_ERROR;
				CLANG_WARN_DOCUMENTATION_COMMENTS = YES;
				CLANG_WARN_EMPTY_BODY = YES;
				CLANG_WARN_ENUM_CONVERSION = YES;
				CLANG_WARN_INFINITE_RECURSION = YES;
				CLANG_WARN_INT_CONVERSION = YES;
				CLANG_WARN_NON_LITERAL_NULL_CONVERSION = YES;
				CLANG_WARN_OBJC_IMPLICIT_RETAIN_SELF = YES;
				CLANG_WARN_OBJC_LITERAL_CONVERSION = YES;
				CLANG_WARN_OBJC_ROOT_CLASS = YES_ERROR;
				CLANG_WARN_QUOTED_INCLUDE_IN_FRAMEWORK_HEADER = YES;
				CLANG_WARN_RANGE_LOOP_ANALYSIS = YES;
				CLANG_WARN_STRICT_PROTOTYPES = YES;
				CLANG_WARN_SUSPICIOUS_MOVE = YES;
				CLANG_WARN_UNGUARDED_AVAILABILITY = YES_AGGRESSIVE;
				CLANG_WARN_UNREACHABLE_CODE = YES;
				CLANG_WARN__DUPLICATE_METHOD_MATCH = YES;
				COPY_PHASE_STRIP = NO;
				DEBUG_INFORMATION_FORMAT = "dwarf-with-dsym";
				ENABLE_NS_ASSERTIONS = NO;
				ENABLE_STRICT_OBJC_MSGSEND = YES;
				GCC_C_LANGUAGE_STANDARD = gnu11;
				GCC_NO_COMMON_BLOCKS = YES;
				GCC_WARN_64_TO_32_BIT_CONVERSION = YES;
				GCC_WARN_ABOUT_RETURN_TYPE = YES_ERROR;
				GCC_WARN_UNDECLARED_SELECTOR = YES;
				GCC_WARN_UNINITIALIZED_AUTOS = YES_AGGRESSIVE;
				GCC_WARN_UNUSED_FUNCTION = YES;
				GCC_WARN_UNUSED_VARIABLE = YES;
				IPHONEOS_DEPLOYMENT_TARGET = 14.4;
				MTL_ENABLE_DEBUG_INFO = NO;
				MTL_FAST_MATH = YES;
				SDKROOT = iphoneos;
				SWIFT_COMPILATION_MODE = wholemodule;
				SWIFT_OPTIMIZATION_LEVEL = "-O";
				VALIDATE_PRODUCT = YES;
			};
			name = Release;
		};
		5C583D3226637C21009926FC /* Debug */ = {
			isa = XCBuildConfiguration;
			baseConfigurationReference = 2D6930E11229AD16C16FD1C4 /* Pods-WeatherApp.debug.xcconfig */;
			buildSettings = {
				ASSETCATALOG_COMPILER_APPICON_NAME = AppIcon;
				ASSETCATALOG_COMPILER_GLOBAL_ACCENT_COLOR_NAME = AccentColor;
				CODE_SIGN_STYLE = Automatic;
				DEVELOPMENT_TEAM = 6UV36R5ZZ7;
				INFOPLIST_FILE = WeatherApp/Info.plist;
				LD_RUNPATH_SEARCH_PATHS = (
					"$(inherited)",
					"@executable_path/Frameworks",
				);
				PRODUCT_BUNDLE_IDENTIFIER = KonstantinD.WeatherApp;
				PRODUCT_NAME = "$(TARGET_NAME)";
				SWIFT_VERSION = 5.0;
				TARGETED_DEVICE_FAMILY = "1,2";
			};
			name = Debug;
		};
		5C583D3326637C21009926FC /* Release */ = {
			isa = XCBuildConfiguration;
			baseConfigurationReference = D73418F4DA528F40E3008B36 /* Pods-WeatherApp.release.xcconfig */;
			buildSettings = {
				ASSETCATALOG_COMPILER_APPICON_NAME = AppIcon;
				ASSETCATALOG_COMPILER_GLOBAL_ACCENT_COLOR_NAME = AccentColor;
				CODE_SIGN_STYLE = Automatic;
				DEVELOPMENT_TEAM = 6UV36R5ZZ7;
				INFOPLIST_FILE = WeatherApp/Info.plist;
				LD_RUNPATH_SEARCH_PATHS = (
					"$(inherited)",
					"@executable_path/Frameworks",
				);
				PRODUCT_BUNDLE_IDENTIFIER = KonstantinD.WeatherApp;
				PRODUCT_NAME = "$(TARGET_NAME)";
				SWIFT_VERSION = 5.0;
				TARGETED_DEVICE_FAMILY = "1,2";
			};
			name = Release;
		};
/* End XCBuildConfiguration section */

/* Begin XCConfigurationList section */
		5C583D1826637C20009926FC /* Build configuration list for PBXProject "WeatherApp" */ = {
			isa = XCConfigurationList;
			buildConfigurations = (
				5C583D2F26637C21009926FC /* Debug */,
				5C583D3026637C21009926FC /* Release */,
			);
			defaultConfigurationIsVisible = 0;
			defaultConfigurationName = Release;
		};
		5C583D3126637C21009926FC /* Build configuration list for PBXNativeTarget "WeatherApp" */ = {
			isa = XCConfigurationList;
			buildConfigurations = (
				5C583D3226637C21009926FC /* Debug */,
				5C583D3326637C21009926FC /* Release */,
			);
			defaultConfigurationIsVisible = 0;
			defaultConfigurationName = Release;
		};
/* End XCConfigurationList section */
	};
	rootObject = 5C583D1526637C20009926FC /* Project object */;
}
